
Microsoft Visual Studio Solution File, Format Version 12.00
# Visual Studio 2012
Project("{FAE04EC0-301F-11D3-BF4B-00C04F79EFBC}") = "Classical Music Schema", "Classical Music Schema.csproj", "{712D4407-CE27-4C89-A24F-EACCEC373141}"
EndProject
Project("{FAE04EC0-301F-11D3-BF4B-00C04F79EFBC}") = "WalkingSkeleton.Specs", "Tests\WalkingSkeleton.Specs.csproj", "{C34DAE98-FDED-404E-934F-5053C93185E5}"
EndProject
Global
	GlobalSection(SolutionConfigurationPlatforms) = preSolution
		Debug|Any CPU = Debug|Any CPU
		Release|Any CPU = Release|Any CPU
	EndGlobalSection
	GlobalSection(ProjectConfigurationPlatforms) = postSolution
		{712D4407-CE27-4C89-A24F-EACCEC373141}.Debug|Any CPU.ActiveCfg = Debug|Any CPU
		{712D4407-CE27-4C89-A24F-EACCEC373141}.Debug|Any CPU.Build.0 = Debug|Any CPU
		{712D4407-CE27-4C89-A24F-EACCEC373141}.Release|Any CPU.ActiveCfg = Release|Any CPU
		{712D4407-CE27-4C89-A24F-EACCEC373141}.Release|Any CPU.Build.0 = Release|Any CPU
		{C34DAE98-FDED-404E-934F-5053C93185E5}.Debug|Any CPU.ActiveCfg = Debug|Any CPU
		{C34DAE98-FDED-404E-934F-5053C93185E5}.Debug|Any CPU.Build.0 = Debug|Any CPU
		{C34DAE98-FDED-404E-934F-5053C93185E5}.Release|Any CPU.ActiveCfg = Release|Any CPU
		{C34DAE98-FDED-404E-934F-5053C93185E5}.Release|Any CPU.Build.0 = Release|Any CPU
	EndGlobalSection
	GlobalSection(SolutionProperties) = preSolution
		HideSolutionNode = FALSE
	EndGlobalSection
EndGlobal
